
Microsoft Visual Studio Solution File, Format Version 12.00
# Visual Studio Version 16
VisualStudioVersion = 16.0.30804.86
MinimumVisualStudioVersion = 10.0.40219.1
Project("{FAE04EC0-301F-11D3-BF4B-00C04F79EFBC}") = "calculator.api", "calculator.api\calculator.api.csproj", "{7623FF07-B0EC-4E8D-AA78-13B6F02406A0}"
EndProject
Project("{FAE04EC0-301F-11D3-BF4B-00C04F79EFBC}") = "calculator.test", "calculator.test\calculator.test.csproj", "{7C06CDAE-5557-4BC4-9D2D-DF8BEC22E8BE}"
EndProject
Global
	GlobalSection(SolutionConfigurationPlatforms) = preSolution
		Debug|Any CPU = Debug|Any CPU
		Release|Any CPU = Release|Any CPU
	EndGlobalSection
	GlobalSection(ProjectConfigurationPlatforms) = postSolution
		{7623FF07-B0EC-4E8D-AA78-13B6F02406A0}.Debug|Any CPU.ActiveCfg = Debug|Any CPU
		{7623FF07-B0EC-4E8D-AA78-13B6F02406A0}.Debug|Any CPU.Build.0 = Debug|Any CPU
		{7623FF07-B0EC-4E8D-AA78-13B6F02406A0}.Release|Any CPU.ActiveCfg = Release|Any CPU
		{7623FF07-B0EC-4E8D-AA78-13B6F02406A0}.Release|Any CPU.Build.0 = Release|Any CPU
		{7C06CDAE-5557-4BC4-9D2D-DF8BEC22E8BE}.Debug|Any CPU.ActiveCfg = Debug|Any CPU
		{7C06CDAE-5557-4BC4-9D2D-DF8BEC22E8BE}.Debug|Any CPU.Build.0 = Debug|Any CPU
		{7C06CDAE-5557-4BC4-9D2D-DF8BEC22E8BE}.Release|Any CPU.ActiveCfg = Release|Any CPU
		{7C06CDAE-5557-4BC4-9D2D-DF8BEC22E8BE}.Release|Any CPU.Build.0 = Release|Any CPU
	EndGlobalSection
	GlobalSection(SolutionProperties) = preSolution
		HideSolutionNode = FALSE
	EndGlobalSection
	GlobalSection(ExtensibilityGlobals) = postSolution
		SolutionGuid = {A413078B-D8D0-4A28-B4F5-F8347500B0EE}
	EndGlobalSection
EndGlobal
